PODS:
  - Alamofire (3.0.0-beta.3)
  - SwiftScriptRunner (0.1.0)

DEPENDENCIES:
  - Alamofire (from `https://github.com/Alamofire/Alamofire.git`, branch `master`)
  - SwiftScriptRunner

EXTERNAL SOURCES:
  Alamofire:
    :branch: master
    :git: https://github.com/Alamofire/Alamofire.git

CHECKOUT OPTIONS:
  Alamofire:
    :commit: afc8cdb3283f45b5c886cf1d00fbc66f1893b313
    :git: https://github.com/Alamofire/Alamofire.git

SPEC CHECKSUMS:
  Alamofire: c89149e58431f6f94527e8c01f920456afe39bd0
  SwiftScriptRunner: f2e166de0c469c6693048c213b973c1ffde2d352

COCOAPODS: 0.38.2
